// !$*UTF8*$!
{
	archiveVersion = 1;
	classes = {
	};
	objectVersion = 46;
	objects = {

/* Begin PBXBuildFile section */
		0803222B1963320700E4AF2C /* UUDateTests.m in Sources */ = {isa = PBXBuildFile; fileRef = 0803222A1963320700E4AF2C /* UUDateTests.m */; };
		084D3A0D190E2BB4002EDB67 /* UUString.m in Sources */ = {isa = PBXBuildFile; fileRef = 084D3A0C190E2BB4002EDB67 /* UUString.m */; };
		084D3A10190E2BDE002EDB67 /* UUView.m in Sources */ = {isa = PBXBuildFile; fileRef = 084D3A0F190E2BDE002EDB67 /* UUView.m */; };
		08A176001919F54500EFA68A /* UUDictionaryTests.m in Sources */ = {isa = PBXBuildFile; fileRef = 08A175FE1919F54500EFA68A /* UUDictionaryTests.m */; };
		08A176011919F54500EFA68A /* UUStringTests.m in Sources */ = {isa = PBXBuildFile; fileRef = 08A175FF1919F54500EFA68A /* UUStringTests.m */; };
		08A176041919F55600EFA68A /* UUColor.m in Sources */ = {isa = PBXBuildFile; fileRef = 08A176031919F55600EFA68A /* UUColor.m */; };
		08A176061919F57B00EFA68A /* UUColorTests.m in Sources */ = {isa = PBXBuildFile; fileRef = 08A176051919F57B00EFA68A /* UUColorTests.m */; };
		08A176091919F71200EFA68A /* UUDictionary.m in Sources */ = {isa = PBXBuildFile; fileRef = 08A176081919F71200EFA68A /* UUDictionary.m */; };
		08A1760C1919F73200EFA68A /* UUDate.m in Sources */ = {isa = PBXBuildFile; fileRef = 08A1760B1919F73200EFA68A /* UUDate.m */; };
		08BBEEB319636E2B00D4FD52 /* UUReachability.m in Sources */ = {isa = PBXBuildFile; fileRef = 08BBEEB219636E2B00D4FD52 /* UUReachability.m */; };
		08BBEEB519637D3300D4FD52 /* UUReachabilityTests.m in Sources */ = {isa = PBXBuildFile; fileRef = 08BBEEB419637D3300D4FD52 /* UUReachabilityTests.m */; };
		08C58F7819023CAA004EA13C /* XCTest.framework in Frameworks */ = {isa = PBXBuildFile; fileRef = 08C58F7719023CAA004EA13C /* XCTest.framework */; };
		08C58F7A19023CAA004EA13C /* Foundation.framework in Frameworks */ = {isa = PBXBuildFile; fileRef = 08C58F7919023CAA004EA13C /* Foundation.framework */; };
		08C58F7C19023CAA004EA13C /* UIKit.framework in Frameworks */ = {isa = PBXBuildFile; fileRef = 08C58F7B19023CAA004EA13C /* UIKit.framework */; };
		08C58F8219023CAA004EA13C /* InfoPlist.strings in Resources */ = {isa = PBXBuildFile; fileRef = 08C58F8019023CAA004EA13C /* InfoPlist.strings */; };
		08C58F8419023CAA004EA13C /* UUToolboxTest.m in Sources */ = {isa = PBXBuildFile; fileRef = 08C58F8319023CAA004EA13C /* UUToolboxTest.m */; };
		08F53A3119548F410097518A /* UURandom.m in Sources */ = {isa = PBXBuildFile; fileRef = 08F53A3019548F410097518A /* UURandom.m */; };
		08F53A331954965B0097518A /* UURandomTests.m in Sources */ = {isa = PBXBuildFile; fileRef = 08F53A321954965B0097518A /* UURandomTests.m */; };
/* End PBXBuildFile section */

/* Begin PBXFileReference section */
		0803222A1963320700E4AF2C /* UUDateTests.m */ = {isa = PBXFileReference; fileEncoding = 4; lastKnownFileType = sourcecode.c.objc; path = UUDateTests.m; sourceTree = "<group>"; };
		084D3A0B190E2BB4002EDB67 /* UUString.h */ = {isa = PBXFileReference; fileEncoding = 4; lastKnownFileType = sourcecode.c.h; name = UUString.h; path = ../../UUString.h; sourceTree = "<group>"; };
		084D3A0C190E2BB4002EDB67 /* UUString.m */ = {isa = PBXFileReference; fileEncoding = 4; lastKnownFileType = sourcecode.c.objc; name = UUString.m; path = ../../UUString.m; sourceTree = "<group>"; };
		084D3A0E190E2BDE002EDB67 /* UUView.h */ = {isa = PBXFileReference; fileEncoding = 4; lastKnownFileType = sourcecode.c.h; name = UUView.h; path = ../../UUView.h; sourceTree = "<group>"; };
		084D3A0F190E2BDE002EDB67 /* UUView.m */ = {isa = PBXFileReference; fileEncoding = 4; lastKnownFileType = sourcecode.c.objc; name = UUView.m; path = ../../UUView.m; sourceTree = "<group>"; };
		08A175FE1919F54500EFA68A /* UUDictionaryTests.m */ = {isa = PBXFileReference; fileEncoding = 4; lastKnownFileType = sourcecode.c.objc; path = UUDictionaryTests.m; sourceTree = "<group>"; };
		08A175FF1919F54500EFA68A /* UUStringTests.m */ = {isa = PBXFileReference; fileEncoding = 4; lastKnownFileType = sourcecode.c.objc; path = UUStringTests.m; sourceTree = "<group>"; };
		08A176021919F55600EFA68A /* UUColor.h */ = {isa = PBXFileReference; fileEncoding = 4; lastKnownFileType = sourcecode.c.h; name = UUColor.h; path = ../../UUColor.h; sourceTree = "<group>"; };
		08A176031919F55600EFA68A /* UUColor.m */ = {isa = PBXFileReference; fileEncoding = 4; lastKnownFileType = sourcecode.c.objc; name = UUColor.m; path = ../../UUColor.m; sourceTree = "<group>"; };
		08A176051919F57B00EFA68A /* UUColorTests.m */ = {isa = PBXFileReference; fileEncoding = 4; lastKnownFileType = sourcecode.c.objc; path = UUColorTests.m; sourceTree = "<group>"; };
		08A176071919F71200EFA68A /* UUDictionary.h */ = {isa = PBXFileReference; fileEncoding = 4; lastKnownFileType = sourcecode.c.h; name = UUDictionary.h; path = ../../UUDictionary.h; sourceTree = "<group>"; };
		08A176081919F71200EFA68A /* UUDictionary.m */ = {isa = PBXFileReference; fileEncoding = 4; lastKnownFileType = sourcecode.c.objc; name = UUDictionary.m; path = ../../UUDictionary.m; sourceTree = "<group>"; };
		08A1760A1919F73200EFA68A /* UUDate.h */ = {isa = PBXFileReference; fileEncoding = 4; lastKnownFileType = sourcecode.c.h; name = UUDate.h; path = ../../UUDate.h; sourceTree = "<group>"; };
		08A1760B1919F73200EFA68A /* UUDate.m */ = {isa = PBXFileReference; fileEncoding = 4; lastKnownFileType = sourcecode.c.objc; name = UUDate.m; path = ../../UUDate.m; sourceTree = "<group>"; };
		08BBEEB119636E2B00D4FD52 /* UUReachability.h */ = {isa = PBXFileReference; fileEncoding = 4; lastKnownFileType = sourcecode.c.h; name = UUReachability.h; path = ../../UUReachability.h; sourceTree = "<group>"; };
		08BBEEB219636E2B00D4FD52 /* UUReachability.m */ = {isa = PBXFileReference; fileEncoding = 4; lastKnownFileType = sourcecode.c.objc; name = UUReachability.m; path = ../../UUReachability.m; sourceTree = "<group>"; };
		08BBEEB419637D3300D4FD52 /* UUReachabilityTests.m */ = {isa = PBXFileReference; fileEncoding = 4; lastKnownFileType = sourcecode.c.objc; path = UUReachabilityTests.m; sourceTree = "<group>"; };
		08C58F7419023CA9004EA13C /* UUToolboxTest.xctest */ = {isa = PBXFileReference; explicitFileType = wrapper.cfbundle; includeInIndex = 0; path = UUToolboxTest.xctest; sourceTree = BUILT_PRODUCTS_DIR; };
		08C58F7719023CAA004EA13C /* XCTest.framework */ = {isa = PBXFileReference; lastKnownFileType = wrapper.framework; name = XCTest.framework; path = Library/Frameworks/XCTest.framework; sourceTree = DEVELOPER_DIR; };
		08C58F7919023CAA004EA13C /* Foundation.framework */ = {isa = PBXFileReference; lastKnownFileType = wrapper.framework; name = Foundation.framework; path = Library/Frameworks/Foundation.framework; sourceTree = DEVELOPER_DIR; };
		08C58F7B19023CAA004EA13C /* UIKit.framework */ = {isa = PBXFileReference; lastKnownFileType = wrapper.framework; name = UIKit.framework; path = Library/Frameworks/UIKit.framework; sourceTree = DEVELOPER_DIR; };
		08C58F7F19023CAA004EA13C /* UUToolboxTest-Info.plist */ = {isa = PBXFileReference; lastKnownFileType = text.plist.xml; path = "UUToolboxTest-Info.plist"; sourceTree = "<group>"; };
		08C58F8119023CAA004EA13C /* en */ = {isa = PBXFileReference; lastKnownFileType = text.plist.strings; name = en; path = en.lproj/InfoPlist.strings; sourceTree = "<group>"; };
		08C58F8319023CAA004EA13C /* UUToolboxTest.m */ = {isa = PBXFileReference; lastKnownFileType = sourcecode.c.objc; path = UUToolboxTest.m; sourceTree = "<group>"; };
		08C58F8519023CAA004EA13C /* UUToolboxTest-Prefix.pch */ = {isa = PBXFileReference; lastKnownFileType = sourcecode.c.h; path = "UUToolboxTest-Prefix.pch"; sourceTree = "<group>"; };
		08F53A2F19548F410097518A /* UURandom.h */ = {isa = PBXFileReference; fileEncoding = 4; lastKnownFileType = sourcecode.c.h; name = UURandom.h; path = ../../UURandom.h; sourceTree = "<group>"; };
		08F53A3019548F410097518A /* UURandom.m */ = {isa = PBXFileReference; fileEncoding = 4; lastKnownFileType = sourcecode.c.objc; name = UURandom.m; path = ../../UURandom.m; sourceTree = "<group>"; };
		08F53A321954965B0097518A /* UURandomTests.m */ = {isa = PBXFileReference; fileEncoding = 4; lastKnownFileType = sourcecode.c.objc; path = UURandomTests.m; sourceTree = "<group>"; };
/* End PBXFileReference section */

/* Begin PBXFrameworksBuildPhase section */
		08C58F7119023CA9004EA13C /* Frameworks */ = {
			isa = PBXFrameworksBuildPhase;
			buildActionMask = 2147483647;
			files = (
				08C58F7819023CAA004EA13C /* XCTest.framework in Frameworks */,
				08C58F7C19023CAA004EA13C /* UIKit.framework in Frameworks */,
				08C58F7A19023CAA004EA13C /* Foundation.framework in Frameworks */,
			);
			runOnlyForDeploymentPostprocessing = 0;
		};
/* End PBXFrameworksBuildPhase section */

/* Begin PBXGroup section */
		084D3A0A190E2BA0002EDB67 /* UUSource */ = {
			isa = PBXGroup;
			children = (
				08A176021919F55600EFA68A /* UUColor.h */,
				08A176031919F55600EFA68A /* UUColor.m */,
				084D3A0B190E2BB4002EDB67 /* UUString.h */,
				084D3A0C190E2BB4002EDB67 /* UUString.m */,
				084D3A0E190E2BDE002EDB67 /* UUView.h */,
				084D3A0F190E2BDE002EDB67 /* UUView.m */,
				08A1760A1919F73200EFA68A /* UUDate.h */,
				08A1760B1919F73200EFA68A /* UUDate.m */,
				08A176071919F71200EFA68A /* UUDictionary.h */,
				08A176081919F71200EFA68A /* UUDictionary.m */,
				08F53A2F19548F410097518A /* UURandom.h */,
				08F53A3019548F410097518A /* UURandom.m */,
				08BBEEB119636E2B00D4FD52 /* UUReachability.h */,
				08BBEEB219636E2B00D4FD52 /* UUReachability.m */,
			);
			name = UUSource;
			sourceTree = "<group>";
		};
		08C58F6919023C4E004EA13C = {
			isa = PBXGroup;
			children = (
				084D3A0A190E2BA0002EDB67 /* UUSource */,
				08C58F7D19023CAA004EA13C /* UUToolboxTest */,
				08C58F7619023CAA004EA13C /* Frameworks */,
				08C58F7519023CA9004EA13C /* Products */,
			);
			sourceTree = "<group>";
		};
		08C58F7519023CA9004EA13C /* Products */ = {
			isa = PBXGroup;
			children = (
				08C58F7419023CA9004EA13C /* UUToolboxTest.xctest */,
			);
			name = Products;
			sourceTree = "<group>";
		};
		08C58F7619023CAA004EA13C /* Frameworks */ = {
			isa = PBXGroup;
			children = (
				08C58F7719023CAA004EA13C /* XCTest.framework */,
				08C58F7919023CAA004EA13C /* Foundation.framework */,
				08C58F7B19023CAA004EA13C /* UIKit.framework */,
			);
			name = Frameworks;
			sourceTree = "<group>";
		};
		08C58F7D19023CAA004EA13C /* UUToolboxTest */ = {
			isa = PBXGroup;
			children = (
				08F53A321954965B0097518A /* UURandomTests.m */,
				08A175FE1919F54500EFA68A /* UUDictionaryTests.m */,
				08A175FF1919F54500EFA68A /* UUStringTests.m */,
				08C58F8319023CAA004EA13C /* UUToolboxTest.m */,
				08A176051919F57B00EFA68A /* UUColorTests.m */,
				0803222A1963320700E4AF2C /* UUDateTests.m */,
				08BBEEB419637D3300D4FD52 /* UUReachabilityTests.m */,
				08C58F7E19023CAA004EA13C /* Supporting Files */,
			);
			path = UUToolboxTest;
			sourceTree = "<group>";
		};
		08C58F7E19023CAA004EA13C /* Supporting Files */ = {
			isa = PBXGroup;
			children = (
				08C58F7F19023CAA004EA13C /* UUToolboxTest-Info.plist */,
				08C58F8019023CAA004EA13C /* InfoPlist.strings */,
				08C58F8519023CAA004EA13C /* UUToolboxTest-Prefix.pch */,
			);
			name = "Supporting Files";
			sourceTree = "<group>";
		};
/* End PBXGroup section */

/* Begin PBXNativeTarget section */
		08C58F7319023CA9004EA13C /* UUToolboxTest */ = {
			isa = PBXNativeTarget;
			buildConfigurationList = 08C58F8619023CAA004EA13C /* Build configuration list for PBXNativeTarget "UUToolboxTest" */;
			buildPhases = (
				08C58F7019023CA9004EA13C /* Sources */,
				08C58F7119023CA9004EA13C /* Frameworks */,
				08C58F7219023CA9004EA13C /* Resources */,
			);
			buildRules = (
			);
			dependencies = (
			);
			name = UUToolboxTest;
			productName = UUToolboxTest;
			productReference = 08C58F7419023CA9004EA13C /* UUToolboxTest.xctest */;
			productType = "com.apple.product-type.bundle.unit-test";
		};
/* End PBXNativeTarget section */

/* Begin PBXProject section */
		08C58F6A19023C4E004EA13C /* Project object */ = {
			isa = PBXProject;
			attributes = {
				LastUpgradeCheck = 0510;
			};
			buildConfigurationList = 08C58F6D19023C4E004EA13C /* Build configuration list for PBXProject "UUFrameworkTest" */;
			compatibilityVersion = "Xcode 3.2";
			developmentRegion = English;
			hasScannedForEncodings = 0;
			knownRegions = (
				en,
			);
			mainGroup = 08C58F6919023C4E004EA13C;
			productRefGroup = 08C58F7519023CA9004EA13C /* Products */;
			projectDirPath = "";
			projectRoot = "";
			targets = (
				08C58F7319023CA9004EA13C /* UUToolboxTest */,
			);
		};
/* End PBXProject section */

/* Begin PBXResourcesBuildPhase section */
		08C58F7219023CA9004EA13C /* Resources */ = {
			isa = PBXResourcesBuildPhase;
			buildActionMask = 2147483647;
			files = (
				08C58F8219023CAA004EA13C /* InfoPlist.strings in Resources */,
			);
			runOnlyForDeploymentPostprocessing = 0;
		};
/* End PBXResourcesBuildPhase section */

/* Begin PBXSourcesBuildPhase section */
		08C58F7019023CA9004EA13C /* Sources */ = {
			isa = PBXSourcesBuildPhase;
			buildActionMask = 2147483647;
			files = (
				08F53A3119548F410097518A /* UURandom.m in Sources */,
				084D3A0D190E2BB4002EDB67 /* UUString.m in Sources */,
				08A176091919F71200EFA68A /* UUDictionary.m in Sources */,
				08BBEEB319636E2B00D4FD52 /* UUReachability.m in Sources */,
				08A176001919F54500EFA68A /* UUDictionaryTests.m in Sources */,
				08C58F8419023CAA004EA13C /* UUToolboxTest.m in Sources */,
				08A176011919F54500EFA68A /* UUStringTests.m in Sources */,
				084D3A10190E2BDE002EDB67 /* UUView.m in Sources */,
				08F53A331954965B0097518A /* UURandomTests.m in Sources */,
				08A176041919F55600EFA68A /* UUColor.m in Sources */,
				08BBEEB519637D3300D4FD52 /* UUReachabilityTests.m in Sources */,
				08A176061919F57B00EFA68A /* UUColorTests.m in Sources */,
				08A1760C1919F73200EFA68A /* UUDate.m in Sources */,
				0803222B1963320700E4AF2C /* UUDateTests.m in Sources */,
			);
			runOnlyForDeploymentPostprocessing = 0;
		};
/* End PBXSourcesBuildPhase section */

/* Begin PBXVariantGroup section */
		08C58F8019023CAA004EA13C /* InfoPlist.strings */ = {
			isa = PBXVariantGroup;
			children = (
				08C58F8119023CAA004EA13C /* en */,
			);
			name = InfoPlist.strings;
			sourceTree = "<group>";
		};
/* End PBXVariantGroup section */

/* Begin XCBuildConfiguration section */
		08C58F6E19023C4E004EA13C /* Debug */ = {
			isa = XCBuildConfiguration;
			buildSettings = {
			};
			name = Debug;
		};
		08C58F6F19023C4E004EA13C /* Release */ = {
			isa = XCBuildConfiguration;
			buildSettings = {
			};
			name = Release;
		};
		08C58F8719023CAA004EA13C /* Debug */ = {
			isa = XCBuildConfiguration;
			buildSettings = {
				ALWAYS_SEARCH_USER_PATHS = NO;
				CLANG_CXX_LANGUAGE_STANDARD = "gnu++0x";
				CLANG_CXX_LIBRARY = "libc++";
				CLANG_ENABLE_MODULES = YES;
				CLANG_ENABLE_OBJC_ARC = YES;
				CLANG_WARN_BOOL_CONVERSION = YES;
				CLANG_WARN_CONSTANT_CONVERSION = YES;
				CLANG_WARN_DIRECT_OBJC_ISA_USAGE = YES_ERROR;
				CLANG_WARN_EMPTY_BODY = YES;
				CLANG_WARN_ENUM_CONVERSION = YES;
				CLANG_WARN_INT_CONVERSION = YES;
				CLANG_WARN_OBJC_ROOT_CLASS = YES_ERROR;
				CLANG_WARN__DUPLICATE_METHOD_MATCH = YES;
				COPY_PHASE_STRIP = NO;
				FRAMEWORK_SEARCH_PATHS = (
					"$(SDKROOT)/Developer/Library/Frameworks",
					"$(inherited)",
					"$(DEVELOPER_FRAMEWORKS_DIR)",
				);
				GCC_C_LANGUAGE_STANDARD = gnu99;
				GCC_DYNAMIC_NO_PIC = NO;
				GCC_OPTIMIZATION_LEVEL = 0;
				GCC_PRECOMPILE_PREFIX_HEADER = YES;
				GCC_PREFIX_HEADER = "UUToolboxTest/UUToolboxTest-Prefix.pch";
				GCC_PREPROCESSOR_DEFINITIONS = (
					"DEBUG=1",
					"$(inherited)",
				);
				GCC_SYMBOLS_PRIVATE_EXTERN = NO;
				GCC_WARN_64_TO_32_BIT_CONVERSION = YES;
				GCC_WARN_ABOUT_RETURN_TYPE = YES_ERROR;
				GCC_WARN_UNDECLARED_SELECTOR = YES;
				GCC_WARN_UNINITIALIZED_AUTOS = YES_AGGRESSIVE;
				GCC_WARN_UNUSED_FUNCTION = YES;
				GCC_WARN_UNUSED_VARIABLE = YES;
				INFOPLIST_FILE = "UUToolboxTest/UUToolboxTest-Info.plist";
				IPHONEOS_DEPLOYMENT_TARGET = 7.1;
				ONLY_ACTIVE_ARCH = YES;
				PRODUCT_NAME = "$(TARGET_NAME)";
				SDKROOT = iphoneos;
				WRAPPER_EXTENSION = xctest;
			};
			name = Debug;
		};
		08C58F8819023CAA004EA13C /* Release */ = {
			isa = XCBuildConfiguration;
			buildSettings = {
				ALWAYS_SEARCH_USER_PATHS = NO;
				CLANG_CXX_LANGUAGE_STANDARD = "gnu++0x";
				CLANG_CXX_LIBRARY = "libc++";
				CLANG_ENABLE_MODULES = YES;
				CLANG_ENABLE_OBJC_ARC = YES;
				CLANG_WARN_BOOL_CONVERSION = YES;
				CLANG_WARN_CONSTANT_CONVERSION = YES;
				CLANG_WARN_DIRECT_OBJC_ISA_USAGE = YES_ERROR;
				CLANG_WARN_EMPTY_BODY = YES;
				CLANG_WARN_ENUM_CONVERSION = YES;
				CLANG_WARN_INT_CONVERSION = YES;
				CLANG_WARN_OBJC_ROOT_CLASS = YES_ERROR;
				CLANG_WARN__DUPLICATE_METHOD_MATCH = YES;
				COPY_PHASE_STRIP = YES;
				ENABLE_NS_ASSERTIONS = NO;
				FRAMEWORK_SEARCH_PATHS = (
					"$(SDKROOT)/Developer/Library/Frameworks",
					"$(inherited)",
					"$(DEVELOPER_FRAMEWORKS_DIR)",
				);
				GCC_C_LANGUAGE_STANDARD = gnu99;
				GCC_PRECOMPILE_PREFIX_HEADER = YES;
				GCC_PREFIX_HEADER = "UUToolboxTest/UUToolboxTest-Prefix.pch";
				GCC_WARN_64_TO_32_BIT_CONVERSION = YES;
				GCC_WARN_ABOUT_RETURN_TYPE = YES_ERROR;
				GCC_WARN_UNDECLARED_SELECTOR = YES;
				GCC_WARN_UNINITIALIZED_AUTOS = YES_AGGRESSIVE;
				GCC_WARN_UNUSED_FUNCTION = YES;
				GCC_WARN_UNUSED_VARIABLE = YES;
				INFOPLIST_FILE = "UUToolboxTest/UUToolboxTest-Info.plist";
				IPHONEOS_DEPLOYMENT_TARGET = 7.1;
				PRODUCT_NAME = "$(TARGET_NAME)";
				SDKROOT = iphoneos;
				VALIDATE_PRODUCT = YES;
				WRAPPER_EXTENSION = xctest;
			};
			name = Release;
		};
/* End XCBuildConfiguration section */

/* Begin XCConfigurationList section */
		08C58F6D19023C4E004EA13C /* Build configuration list for PBXProject "UUFrameworkTest" */ = {
			isa = XCConfigurationList;
			buildConfigurations = (
				08C58F6E19023C4E004EA13C /* Debug */,
				08C58F6F19023C4E004EA13C /* Release */,
			);
			defaultConfigurationIsVisible = 0;
			defaultConfigurationName = Release;
		};
		08C58F8619023CAA004EA13C /* Build configuration list for PBXNativeTarget "UUToolboxTest" */ = {
			isa = XCConfigurationList;
			buildConfigurations = (
				08C58F8719023CAA004EA13C /* Debug */,
				08C58F8819023CAA004EA13C /* Release */,
			);
			defaultConfigurationIsVisible = 0;
			defaultConfigurationName = Release;
		};
/* End XCConfigurationList section */
	};
	rootObject = 08C58F6A19023C4E004EA13C /* Project object */;
}
